
Microsoft Visual Studio Solution File, Format Version 12.00
# Visual Studio 2012
Project("{FAE04EC0-301F-11D3-BF4B-00C04F79EFBC}") = "Framerizr", "Framerizr\Framerizr.csproj", "{2D15624A-B9F6-479D-8420-CFB58EE5FF0D}"
EndProject
Project("{2150E333-8FDC-42A3-9474-1A3956D46DE8}") = ".nuget", ".nuget", "{BFB0E1D7-2064-476C-9157-2D9AFD97F2CD}"
	ProjectSection(SolutionItems) = preProject
		.nuget\packages.config = .nuget\packages.config
	EndProjectSection
EndProject
Project("{2150E333-8FDC-42A3-9474-1A3956D46DE8}") = "nuget-specs", "nuget-specs", "{431F2600-6740-4676-8688-EAE13A5B8C6B}"
	ProjectSection(SolutionItems) = preProject
		nuget-specs\Framerizr.Client.nuspec = nuget-specs\Framerizr.Client.nuspec
		nuget-specs\Framerizr.MVC.nuspec = nuget-specs\Framerizr.MVC.nuspec
		nuget-specs\Framerizr.MVC.Server.nuspec = nuget-specs\Framerizr.MVC.Server.nuspec
	EndProjectSection
EndProject
Global
	GlobalSection(SolutionConfigurationPlatforms) = preSolution
		Debug|Any CPU = Debug|Any CPU
		Release|Any CPU = Release|Any CPU
	EndGlobalSection
	GlobalSection(ProjectConfigurationPlatforms) = postSolution
		{2D15624A-B9F6-479D-8420-CFB58EE5FF0D}.Debug|Any CPU.ActiveCfg = Debug|Any CPU
		{2D15624A-B9F6-479D-8420-CFB58EE5FF0D}.Debug|Any CPU.Build.0 = Debug|Any CPU
		{2D15624A-B9F6-479D-8420-CFB58EE5FF0D}.Release|Any CPU.ActiveCfg = Release|Any CPU
		{2D15624A-B9F6-479D-8420-CFB58EE5FF0D}.Release|Any CPU.Build.0 = Release|Any CPU
	EndGlobalSection
	GlobalSection(SolutionProperties) = preSolution
		HideSolutionNode = FALSE
	EndGlobalSection
EndGlobal
